
Microsoft Visual Studio Solution File, Format Version 12.00
# Visual Studio Version 17
VisualStudioVersion = 17.4.33213.308
MinimumVisualStudioVersion = 10.0.40219.1
Project("{FAE04EC0-301F-11D3-BF4B-00C04F79EFBC}") = "nokiaApp.Android", "nokiaApp.Android\nokiaApp.Android.csproj", "{60F05A46-9B72-4899-B2C4-35C96A9FC710}"
EndProject
Project("{FAE04EC0-301F-11D3-BF4B-00C04F79EFBC}") = "nokiaApp.iOS", "nokiaApp.iOS\nokiaApp.iOS.csproj", "{ECBF98B7-68EE-4F2E-86FC-52938E01385F}"
EndProject
Project("{FAE04EC0-301F-11D3-BF4B-00C04F79EFBC}") = "nokiaApp", "nokiaApp\nokiaApp.csproj", "{F356B82E-F5D3-4EE1-ACF9-9577D73B6FB2}"
EndProject
Global
	GlobalSection(SolutionConfigurationPlatforms) = preSolution
		Debug|Any CPU = Debug|Any CPU
		Debug|iPhone = Debug|iPhone
		Debug|iPhoneSimulator = Debug|iPhoneSimulator
		Release|Any CPU = Release|Any CPU
		Release|iPhone = Release|iPhone
		Release|iPhoneSimulator = Release|iPhoneSimulator
	EndGlobalSection
	GlobalSection(ProjectConfigurationPlatforms) = postSolution
		{60F05A46-9B72-4899-B2C4-35C96A9FC710}.Debug|Any CPU.ActiveCfg = Debug|Any CPU
		{60F05A46-9B72-4899-B2C4-35C96A9FC710}.Debug|Any CPU.Build.0 = Debug|Any CPU
		{60F05A46-9B72-4899-B2C4-35C96A9FC710}.Debug|Any CPU.Deploy.0 = Debug|Any CPU
		{60F05A46-9B72-4899-B2C4-35C96A9FC710}.Debug|iPhone.ActiveCfg = Debug|Any CPU
		{60F05A46-9B72-4899-B2C4-35C96A9FC710}.Debug|iPhone.Build.0 = Debug|Any CPU
		{60F05A46-9B72-4899-B2C4-35C96A9FC710}.Debug|iPhone.Deploy.0 = Debug|Any CPU
		{60F05A46-9B72-4899-B2C4-35C96A9FC710}.Debug|iPhoneSimulator.ActiveCfg = Debug|Any CPU
		{60F05A46-9B72-4899-B2C4-35C96A9FC710}.Debug|iPhoneSimulator.Build.0 = Debug|Any CPU
		{60F05A46-9B72-4899-B2C4-35C96A9FC710}.Debug|iPhoneSimulator.Deploy.0 = Debug|Any CPU
		{60F05A46-9B72-4899-B2C4-35C96A9FC710}.Release|Any CPU.ActiveCfg = Release|Any CPU
		{60F05A46-9B72-4899-B2C4-35C96A9FC710}.Release|Any CPU.Build.0 = Release|Any CPU
		{60F05A46-9B72-4899-B2C4-35C96A9FC710}.Release|Any CPU.Deploy.0 = Release|Any CPU
		{60F05A46-9B72-4899-B2C4-35C96A9FC710}.Release|iPhone.ActiveCfg = Release|Any CPU
		{60F05A46-9B72-4899-B2C4-35C96A9FC710}.Release|iPhone.Build.0 = Release|Any CPU
		{60F05A46-9B72-4899-B2C4-35C96A9FC710}.Release|iPhone.Deploy.0 = Release|Any CPU
		{60F05A46-9B72-4899-B2C4-35C96A9FC710}.Release|iPhoneSimulator.ActiveCfg = Release|Any CPU
		{60F05A46-9B72-4899-B2C4-35C96A9FC710}.Release|iPhoneSimulator.Build.0 = Release|Any CPU
		{60F05A46-9B72-4899-B2C4-35C96A9FC710}.Release|iPhoneSimulator.Deploy.0 = Release|Any CPU
		{ECBF98B7-68EE-4F2E-86FC-52938E01385F}.Debug|Any CPU.ActiveCfg = Debug|iPhone
		{ECBF98B7-68EE-4F2E-86FC-52938E01385F}.Debug|Any CPU.Build.0 = Debug|iPhone
		{ECBF98B7-68EE-4F2E-86FC-52938E01385F}.Debug|Any CPU.Deploy.0 = Debug|iPhone
		{ECBF98B7-68EE-4F2E-86FC-52938E01385F}.Debug|iPhone.ActiveCfg = Debug|iPhone
		{ECBF98B7-68EE-4F2E-86FC-52938E01385F}.Debug|iPhone.Build.0 = Debug|iPhone
		{ECBF98B7-68EE-4F2E-86FC-52938E01385F}.Debug|iPhone.Deploy.0 = Debug|iPhone
		{ECBF98B7-68EE-4F2E-86FC-52938E01385F}.Debug|iPhoneSimulator.ActiveCfg = Debug|iPhoneSimulator
		{ECBF98B7-68EE-4F2E-86FC-52938E01385F}.Debug|iPhoneSimulator.Build.0 = Debug|iPhoneSimulator
		{ECBF98B7-68EE-4F2E-86FC-52938E01385F}.Debug|iPhoneSimulator.Deploy.0 = Debug|iPhoneSimulator
		{ECBF98B7-68EE-4F2E-86FC-52938E01385F}.Release|Any CPU.ActiveCfg = Release|iPhoneSimulator
		{ECBF98B7-68EE-4F2E-86FC-52938E01385F}.Release|Any CPU.Build.0 = Release|iPhoneSimulator
		{ECBF98B7-68EE-4F2E-86FC-52938E01385F}.Release|Any CPU.Deploy.0 = Release|iPhoneSimulator
		{ECBF98B7-68EE-4F2E-86FC-52938E01385F}.Release|iPhone.ActiveCfg = Release|iPhone
		{ECBF98B7-68EE-4F2E-86FC-52938E01385F}.Release|iPhone.Build.0 = Release|iPhone
		{ECBF98B7-68EE-4F2E-86FC-52938E01385F}.Release|iPhone.Deploy.0 = Release|iPhone
		{ECBF98B7-68EE-4F2E-86FC-52938E01385F}.Release|iPhoneSimulator.ActiveCfg = Release|iPhoneSimulator
		{ECBF98B7-68EE-4F2E-86FC-52938E01385F}.Release|iPhoneSimulator.Build.0 = Release|iPhoneSimulator
		{ECBF98B7-68EE-4F2E-86FC-52938E01385F}.Release|iPhoneSimulator.Deploy.0 = Release|iPhoneSimulator
		{F356B82E-F5D3-4EE1-ACF9-9577D73B6FB2}.Debug|Any CPU.ActiveCfg = Debug|Any CPU
		{F356B82E-F5D3-4EE1-ACF9-9577D73B6FB2}.Debug|Any CPU.Build.0 = Debug|Any CPU
		{F356B82E-F5D3-4EE1-ACF9-9577D73B6FB2}.Debug|Any CPU.Deploy.0 = Debug|Any CPU
		{F356B82E-F5D3-4EE1-ACF9-9577D73B6FB2}.Debug|iPhone.ActiveCfg = Debug|Any CPU
		{F356B82E-F5D3-4EE1-ACF9-9577D73B6FB2}.Debug|iPhone.Build.0 = Debug|Any CPU
		{F356B82E-F5D3-4EE1-ACF9-9577D73B6FB2}.Debug|iPhone.Deploy.0 = Debug|Any CPU
		{F356B82E-F5D3-4EE1-ACF9-9577D73B6FB2}.Debug|iPhoneSimulator.ActiveCfg = Debug|Any CPU
		{F356B82E-F5D3-4EE1-ACF9-9577D73B6FB2}.Debug|iPhoneSimulator.Build.0 = Debug|Any CPU
		{F356B82E-F5D3-4EE1-ACF9-9577D73B6FB2}.Debug|iPhoneSimulator.Deploy.0 = Debug|Any CPU
		{F356B82E-F5D3-4EE1-ACF9-9577D73B6FB2}.Release|Any CPU.ActiveCfg = Release|Any CPU
		{F356B82E-F5D3-4EE1-ACF9-9577D73B6FB2}.Release|Any CPU.Build.0 = Release|Any CPU
		{F356B82E-F5D3-4EE1-ACF9-9577D73B6FB2}.Release|Any CPU.Deploy.0 = Release|Any CPU
		{F356B82E-F5D3-4EE1-ACF9-9577D73B6FB2}.Release|iPhone.ActiveCfg = Release|Any CPU
		{F356B82E-F5D3-4EE1-ACF9-9577D73B6FB2}.Release|iPhone.Build.0 = Release|Any CPU
		{F356B82E-F5D3-4EE1-ACF9-9577D73B6FB2}.Release|iPhone.Deploy.0 = Release|Any CPU
		{F356B82E-F5D3-4EE1-ACF9-9577D73B6FB2}.Release|iPhoneSimulator.ActiveCfg = Release|Any CPU
		{F356B82E-F5D3-4EE1-ACF9-9577D73B6FB2}.Release|iPhoneSimulator.Build.0 = Release|Any CPU
		{F356B82E-F5D3-4EE1-ACF9-9577D73B6FB2}.Release|iPhoneSimulator.Deploy.0 = Release|Any CPU
	EndGlobalSection
	GlobalSection(SolutionProperties) = preSolution
		HideSolutionNode = FALSE
	EndGlobalSection
	GlobalSection(ExtensibilityGlobals) = postSolution
		SolutionGuid = {FC6927D3-D917-40BA-B7F3-C2DFA00D90D3}
	EndGlobalSection
EndGlobal
