
Microsoft Visual Studio Solution File, Format Version 12.00
# Visual Studio Version 17
VisualStudioVersion = 17.4.33213.308
MinimumVisualStudioVersion = 10.0.40219.1
Project("{FAE04EC0-301F-11D3-BF4B-00C04F79EFBC}") = "NokiaApp.Android", "NokiaApp\NokiaApp.Android\NokiaApp.Android.csproj", "{07B96526-E1CB-451F-9A48-D4F04BF36C09}"
EndProject
Project("{FAE04EC0-301F-11D3-BF4B-00C04F79EFBC}") = "NokiaApp", "NokiaApp\NokiaApp\NokiaApp.csproj", "{A70CD10D-A440-4D63-84C9-D2BEB923302C}"
EndProject
Global
	GlobalSection(SolutionConfigurationPlatforms) = preSolution
		Debug|Any CPU = Debug|Any CPU
		Release|Any CPU = Release|Any CPU
	EndGlobalSection
	GlobalSection(ProjectConfigurationPlatforms) = postSolution
		{07B96526-E1CB-451F-9A48-D4F04BF36C09}.Debug|Any CPU.ActiveCfg = Debug|Any CPU
		{07B96526-E1CB-451F-9A48-D4F04BF36C09}.Debug|Any CPU.Build.0 = Debug|Any CPU
		{07B96526-E1CB-451F-9A48-D4F04BF36C09}.Debug|Any CPU.Deploy.0 = Debug|Any CPU
		{07B96526-E1CB-451F-9A48-D4F04BF36C09}.Release|Any CPU.ActiveCfg = Release|Any CPU
		{07B96526-E1CB-451F-9A48-D4F04BF36C09}.Release|Any CPU.Build.0 = Release|Any CPU
		{07B96526-E1CB-451F-9A48-D4F04BF36C09}.Release|Any CPU.Deploy.0 = Release|Any CPU
		{A70CD10D-A440-4D63-84C9-D2BEB923302C}.Debug|Any CPU.ActiveCfg = Debug|Any CPU
		{A70CD10D-A440-4D63-84C9-D2BEB923302C}.Debug|Any CPU.Build.0 = Debug|Any CPU
		{A70CD10D-A440-4D63-84C9-D2BEB923302C}.Debug|Any CPU.Deploy.0 = Debug|Any CPU
		{A70CD10D-A440-4D63-84C9-D2BEB923302C}.Release|Any CPU.ActiveCfg = Release|Any CPU
		{A70CD10D-A440-4D63-84C9-D2BEB923302C}.Release|Any CPU.Build.0 = Release|Any CPU
		{A70CD10D-A440-4D63-84C9-D2BEB923302C}.Release|Any CPU.Deploy.0 = Release|Any CPU
	EndGlobalSection
	GlobalSection(SolutionProperties) = preSolution
		HideSolutionNode = FALSE
	EndGlobalSection
	GlobalSection(ExtensibilityGlobals) = postSolution
		SolutionGuid = {01903289-75A5-486C-854C-93C8797DA696}
	EndGlobalSection
EndGlobal
